
Microsoft Visual Studio Solution File, Format Version 12.00
# Visual Studio Version 16
VisualStudioVersion = 16.0.30717.126
MinimumVisualStudioVersion = 10.0.40219.1
Project("{FAE04EC0-301F-11D3-BF4B-00C04F79EFBC}") = "Lesson_1", "Lesson_1\Lesson_1.csproj", "{29769ED4-6711-4849-A233-3F15EE500154}"
EndProject
Global
	GlobalSection(SolutionConfigurationPlatforms) = preSolution
		Debug|Any CPU = Debug|Any CPU
		Release|Any CPU = Release|Any CPU
	EndGlobalSection
	GlobalSection(ProjectConfigurationPlatforms) = postSolution
		{29769ED4-6711-4849-A233-3F15EE500154}.Debug|Any CPU.ActiveCfg = Debug|Any CPU
		{29769ED4-6711-4849-A233-3F15EE500154}.Debug|Any CPU.Build.0 = Debug|Any CPU
		{29769ED4-6711-4849-A233-3F15EE500154}.Release|Any CPU.ActiveCfg = Release|Any CPU
		{29769ED4-6711-4849-A233-3F15EE500154}.Release|Any CPU.Build.0 = Release|Any CPU
	EndGlobalSection
	GlobalSection(SolutionProperties) = preSolution
		HideSolutionNode = FALSE
	EndGlobalSection
	GlobalSection(ExtensibilityGlobals) = postSolution
		SolutionGuid = {335D06F4-AAE3-4A8C-8F6C-DA4C3F0FB1CF}
	EndGlobalSection
EndGlobal
