
Microsoft Visual Studio Solution File, Format Version 12.00
# Visual Studio Version 16
VisualStudioVersion = 16.0.30717.126
MinimumVisualStudioVersion = 10.0.40219.1
Project("{FAE04EC0-301F-11D3-BF4B-00C04F79EFBC}") = "Lesson_2-2", "Lesson_2-2\Lesson_2-2.csproj", "{1AF0ADF9-A963-4069-A5B0-6B10F50D5E80}"
EndProject
Global
	GlobalSection(SolutionConfigurationPlatforms) = preSolution
		Debug|Any CPU = Debug|Any CPU
		Release|Any CPU = Release|Any CPU
	EndGlobalSection
	GlobalSection(ProjectConfigurationPlatforms) = postSolution
		{1AF0ADF9-A963-4069-A5B0-6B10F50D5E80}.Debug|Any CPU.ActiveCfg = Debug|Any CPU
		{1AF0ADF9-A963-4069-A5B0-6B10F50D5E80}.Debug|Any CPU.Build.0 = Debug|Any CPU
		{1AF0ADF9-A963-4069-A5B0-6B10F50D5E80}.Release|Any CPU.ActiveCfg = Release|Any CPU
		{1AF0ADF9-A963-4069-A5B0-6B10F50D5E80}.Release|Any CPU.Build.0 = Release|Any CPU
	EndGlobalSection
	GlobalSection(SolutionProperties) = preSolution
		HideSolutionNode = FALSE
	EndGlobalSection
	GlobalSection(ExtensibilityGlobals) = postSolution
		SolutionGuid = {F6E0024A-CC12-4A68-BC74-9A5217967F21}
	EndGlobalSection
EndGlobal
